
Microsoft Visual Studio Solution File, Format Version 12.00
# Visual Studio Version 17
VisualStudioVersion = 17.2.32616.157
MinimumVisualStudioVersion = 10.0.40219.1
Project("{2150E333-8FDC-42A3-9474-1A3956D46DE8}") = "Core", "Core", "{021B20D5-7F33-415E-87F1-548A96CB87EA}"
EndProject
Project("{FAE04EC0-301F-11D3-BF4B-00C04F79EFBC}") = "EticaretAPI.Domain", "Core\EticaretAPI.Domain\EticaretAPI.Domain.csproj", "{5E568EB0-D938-42D9-A47C-66C06EBB2C97}"
EndProject
Project("{FAE04EC0-301F-11D3-BF4B-00C04F79EFBC}") = "EticaretAPI.Application", "Core\EticaretAPI.Application\EticaretAPI.Application.csproj", "{A9EC914D-B751-47C4-A287-A2517DF5057F}"
EndProject
Project("{2150E333-8FDC-42A3-9474-1A3956D46DE8}") = "Infrastructure", "Infrastructure", "{B9D9AE11-1C6E-4C20-A351-3DA80BCD1FF8}"
EndProject
Project("{FAE04EC0-301F-11D3-BF4B-00C04F79EFBC}") = "EticaretAPI.Infrastructure", "Infrastructure\EticaretAPI.Infrastructure\EticaretAPI.Infrastructure.csproj", "{8F71E521-E7CE-42C7-BA2F-265AAFB98A73}"
EndProject
Project("{FAE04EC0-301F-11D3-BF4B-00C04F79EFBC}") = "EticaretAPI.Persistance", "Infrastructure\EticaretAPI.Persistance\EticaretAPI.Persistance.csproj", "{EA4C17F4-3C93-4D8C-BB1B-C16A1BC7FBD2}"
EndProject
Project("{2150E333-8FDC-42A3-9474-1A3956D46DE8}") = "Presentation", "Presentation", "{B91F1761-2034-4BCA-9AF3-33F27DF80830}"
EndProject
Project("{FAE04EC0-301F-11D3-BF4B-00C04F79EFBC}") = "EticaretAPI.API", "Presentation\EticaretAPI.API\EticaretAPI.API.csproj", "{EF64E84E-1C98-4E9A-8396-77D998CB1984}"
EndProject
Global
	GlobalSection(SolutionConfigurationPlatforms) = preSolution
		Debug|Any CPU = Debug|Any CPU
		Release|Any CPU = Release|Any CPU
	EndGlobalSection
	GlobalSection(ProjectConfigurationPlatforms) = postSolution
		{5E568EB0-D938-42D9-A47C-66C06EBB2C97}.Debug|Any CPU.ActiveCfg = Debug|Any CPU
		{5E568EB0-D938-42D9-A47C-66C06EBB2C97}.Debug|Any CPU.Build.0 = Debug|Any CPU
		{5E568EB0-D938-42D9-A47C-66C06EBB2C97}.Release|Any CPU.ActiveCfg = Release|Any CPU
		{5E568EB0-D938-42D9-A47C-66C06EBB2C97}.Release|Any CPU.Build.0 = Release|Any CPU
		{A9EC914D-B751-47C4-A287-A2517DF5057F}.Debug|Any CPU.ActiveCfg = Debug|Any CPU
		{A9EC914D-B751-47C4-A287-A2517DF5057F}.Debug|Any CPU.Build.0 = Debug|Any CPU
		{A9EC914D-B751-47C4-A287-A2517DF5057F}.Release|Any CPU.ActiveCfg = Release|Any CPU
		{A9EC914D-B751-47C4-A287-A2517DF5057F}.Release|Any CPU.Build.0 = Release|Any CPU
		{8F71E521-E7CE-42C7-BA2F-265AAFB98A73}.Debug|Any CPU.ActiveCfg = Debug|Any CPU
		{8F71E521-E7CE-42C7-BA2F-265AAFB98A73}.Debug|Any CPU.Build.0 = Debug|Any CPU
		{8F71E521-E7CE-42C7-BA2F-265AAFB98A73}.Release|Any CPU.ActiveCfg = Release|Any CPU
		{8F71E521-E7CE-42C7-BA2F-265AAFB98A73}.Release|Any CPU.Build.0 = Release|Any CPU
		{EA4C17F4-3C93-4D8C-BB1B-C16A1BC7FBD2}.Debug|Any CPU.ActiveCfg = Debug|Any CPU
		{EA4C17F4-3C93-4D8C-BB1B-C16A1BC7FBD2}.Debug|Any CPU.Build.0 = Debug|Any CPU
		{EA4C17F4-3C93-4D8C-BB1B-C16A1BC7FBD2}.Release|Any CPU.ActiveCfg = Release|Any CPU
		{EA4C17F4-3C93-4D8C-BB1B-C16A1BC7FBD2}.Release|Any CPU.Build.0 = Release|Any CPU
		{EF64E84E-1C98-4E9A-8396-77D998CB1984}.Debug|Any CPU.ActiveCfg = Debug|Any CPU
		{EF64E84E-1C98-4E9A-8396-77D998CB1984}.Debug|Any CPU.Build.0 = Debug|Any CPU
		{EF64E84E-1C98-4E9A-8396-77D998CB1984}.Release|Any CPU.ActiveCfg = Release|Any CPU
		{EF64E84E-1C98-4E9A-8396-77D998CB1984}.Release|Any CPU.Build.0 = Release|Any CPU
	EndGlobalSection
	GlobalSection(SolutionProperties) = preSolution
		HideSolutionNode = FALSE
	EndGlobalSection
	GlobalSection(NestedProjects) = preSolution
		{5E568EB0-D938-42D9-A47C-66C06EBB2C97} = {021B20D5-7F33-415E-87F1-548A96CB87EA}
		{A9EC914D-B751-47C4-A287-A2517DF5057F} = {021B20D5-7F33-415E-87F1-548A96CB87EA}
		{8F71E521-E7CE-42C7-BA2F-265AAFB98A73} = {B9D9AE11-1C6E-4C20-A351-3DA80BCD1FF8}
		{EA4C17F4-3C93-4D8C-BB1B-C16A1BC7FBD2} = {B9D9AE11-1C6E-4C20-A351-3DA80BCD1FF8}
		{EF64E84E-1C98-4E9A-8396-77D998CB1984} = {B91F1761-2034-4BCA-9AF3-33F27DF80830}
	EndGlobalSection
	GlobalSection(ExtensibilityGlobals) = postSolution
		SolutionGuid = {06E037F7-4F96-4E3D-B90D-65A10CF2D4EE}
	EndGlobalSection
EndGlobal
